
Microsoft Visual Studio Solution File, Format Version 12.00
# Visual Studio Version 17
VisualStudioVersion = 17.9.34728.123
MinimumVisualStudioVersion = 10.0.40219.1
Project("{9A19103F-16F7-4668-BE54-9A1E7A4F7556}") = "API", "PlayToRium\API.csproj", "{54B6FBE2-6AC0-4A4B-BE6B-3BFA74ED9B21}"
EndProject
Project("{FAE04EC0-301F-11D3-BF4B-00C04F79EFBC}") = "Domain", "Domain\Domain.csproj", "{EF1F4A68-A156-4AE1-A5F6-7A8024A7BAE2}"
EndProject
Project("{FAE04EC0-301F-11D3-BF4B-00C04F79EFBC}") = "Application", "Application\Application.csproj", "{291F7D21-8534-4306-830B-CB1675BFD999}"
EndProject
Project("{FAE04EC0-301F-11D3-BF4B-00C04F79EFBC}") = "Infrastructure", "Infrastructure\Infrastructure.csproj", "{38894D94-9CB5-4BEA-98D1-2BFDAC5F5D12}"
EndProject
Global
	GlobalSection(SolutionConfigurationPlatforms) = preSolution
		Debug|Any CPU = Debug|Any CPU
		Release|Any CPU = Release|Any CPU
	EndGlobalSection
	GlobalSection(ProjectConfigurationPlatforms) = postSolution
		{54B6FBE2-6AC0-4A4B-BE6B-3BFA74ED9B21}.Debug|Any CPU.ActiveCfg = Debug|Any CPU
		{54B6FBE2-6AC0-4A4B-BE6B-3BFA74ED9B21}.Debug|Any CPU.Build.0 = Debug|Any CPU
		{54B6FBE2-6AC0-4A4B-BE6B-3BFA74ED9B21}.Release|Any CPU.ActiveCfg = Release|Any CPU
		{54B6FBE2-6AC0-4A4B-BE6B-3BFA74ED9B21}.Release|Any CPU.Build.0 = Release|Any CPU
		{EF1F4A68-A156-4AE1-A5F6-7A8024A7BAE2}.Debug|Any CPU.ActiveCfg = Debug|Any CPU
		{EF1F4A68-A156-4AE1-A5F6-7A8024A7BAE2}.Debug|Any CPU.Build.0 = Debug|Any CPU
		{EF1F4A68-A156-4AE1-A5F6-7A8024A7BAE2}.Release|Any CPU.ActiveCfg = Release|Any CPU
		{EF1F4A68-A156-4AE1-A5F6-7A8024A7BAE2}.Release|Any CPU.Build.0 = Release|Any CPU
		{291F7D21-8534-4306-830B-CB1675BFD999}.Debug|Any CPU.ActiveCfg = Debug|Any CPU
		{291F7D21-8534-4306-830B-CB1675BFD999}.Debug|Any CPU.Build.0 = Debug|Any CPU
		{291F7D21-8534-4306-830B-CB1675BFD999}.Release|Any CPU.ActiveCfg = Release|Any CPU
		{291F7D21-8534-4306-830B-CB1675BFD999}.Release|Any CPU.Build.0 = Release|Any CPU
		{38894D94-9CB5-4BEA-98D1-2BFDAC5F5D12}.Debug|Any CPU.ActiveCfg = Debug|Any CPU
		{38894D94-9CB5-4BEA-98D1-2BFDAC5F5D12}.Debug|Any CPU.Build.0 = Debug|Any CPU
		{38894D94-9CB5-4BEA-98D1-2BFDAC5F5D12}.Release|Any CPU.ActiveCfg = Release|Any CPU
		{38894D94-9CB5-4BEA-98D1-2BFDAC5F5D12}.Release|Any CPU.Build.0 = Release|Any CPU
	EndGlobalSection
	GlobalSection(SolutionProperties) = preSolution
		HideSolutionNode = FALSE
	EndGlobalSection
	GlobalSection(ExtensibilityGlobals) = postSolution
		SolutionGuid = {CCBF9F5D-D3E8-40A5-861D-29113C2204BF}
	EndGlobalSection
EndGlobal
